{
  "name": "install_hello",
  "version": "1.0.0",
  "lockfileVersion": 3,
  "requires": true,
  "packages": {
    "": {
      "name": "install_hello",
      "version": "1.0.0",
      "license": "ISC",
      "dependencies": {
        "hello": "file:../hello"
      }
    },
    "../hello": {
      "version": "1.0.0",
      "license": "ISC",
      "devDependencies": {
        "assemblyscript": "^0.27.27"
      }
    },
    "node_modules/hello": {
      "resolved": "../hello",
      "link": true
    }
  }
}
