{
  "originHash" : "d45597e196955ac8c788f8943f75023ca2d830b049b124f4801784e9c8a6904e",
  "pins" : [
    {
      "identity" : "javascriptkit",
      "kind" : "remoteSourceControl",
      "location" : "https://github.com/swiftwasm/JavaScriptKit",
      "state" : {
        "branch" : "main",
        "revision" : "46182e2a9503454efba1682a1835248409438058"
      }
    },
    {
      "identity" : "swift-syntax",
      "kind" : "remoteSourceControl",
      "location" : "https://github.com/swiftlang/swift-syntax",
      "state" : {
        "revision" : "4799286537280063c85a32f09884cfbca301b1a1",
        "version" : "602.0.0"
      }
    }
  ],
  "version" : 3
}
